// !$*UTF8*$!
{
	archiveVersion = 1;
	classes = {
	};
	objectVersion = 46;
	objects = {

/* Begin PBXBuildFile section */
		B236FF0C1B81D21F00EA2689 /* BlockButton.swift in Sources */ = {isa = PBXBuildFile; fileRef = B236FEDE1B81D21E00EA2689 /* BlockButton.swift */; };
		B236FF0D1B81D21F00EA2689 /* BlockLongPress.swift in Sources */ = {isa = PBXBuildFile; fileRef = B236FEDF1B81D21E00EA2689 /* BlockLongPress.swift */; };
		B236FF0E1B81D21F00EA2689 /* BlockPan.swift in Sources */ = {isa = PBXBuildFile; fileRef = B236FEE01B81D21F00EA2689 /* BlockPan.swift */; };
		B236FF0F1B81D21F00EA2689 /* BlockPinch.swift in Sources */ = {isa = PBXBuildFile; fileRef = B236FEE11B81D21F00EA2689 /* BlockPinch.swift */; };
		B236FF101B81D21F00EA2689 /* BlockSwipe.swift in Sources */ = {isa = PBXBuildFile; fileRef = B236FEE21B81D21F00EA2689 /* BlockSwipe.swift */; };
		B236FF111B81D21F00EA2689 /* BlockTap.swift in Sources */ = {isa = PBXBuildFile; fileRef = B236FEE31B81D21F00EA2689 /* BlockTap.swift */; };
		B236FF121B81D21F00EA2689 /* BlockWebView.swift in Sources */ = {isa = PBXBuildFile; fileRef = B236FEE41B81D21F00EA2689 /* BlockWebView.swift */; };
		B236FF131B81D21F00EA2689 /* CEMKit+Array.swift in Sources */ = {isa = PBXBuildFile; fileRef = B236FEE61B81D21F00EA2689 /* CEMKit+Array.swift */; };
		B236FF141B81D21F00EA2689 /* CEMKit+CGFloat.swift in Sources */ = {isa = PBXBuildFile; fileRef = B236FEE71B81D21F00EA2689 /* CEMKit+CGFloat.swift */; };
		B236FF151B81D21F00EA2689 /* CEMKit+CGPoint.swift in Sources */ = {isa = PBXBuildFile; fileRef = B236FEE81B81D21F00EA2689 /* CEMKit+CGPoint.swift */; };
		B236FF161B81D21F00EA2689 /* CEMKit+CGRect.swift in Sources */ = {isa = PBXBuildFile; fileRef = B236FEE91B81D21F00EA2689 /* CEMKit+CGRect.swift */; };
		B236FF171B81D21F00EA2689 /* CEMKit+CGSize.swift in Sources */ = {isa = PBXBuildFile; fileRef = B236FEEA1B81D21F00EA2689 /* CEMKit+CGSize.swift */; };
		B236FF181B81D21F00EA2689 /* CEMKit+Dictionary.swift in Sources */ = {isa = PBXBuildFile; fileRef = B236FEEB1B81D21F00EA2689 /* CEMKit+Dictionary.swift */; };
		B236FF191B81D21F00EA2689 /* CEMKit+GDC.swift in Sources */ = {isa = PBXBuildFile; fileRef = B236FEEC1B81D21F00EA2689 /* CEMKit+GDC.swift */; };
		B236FF1A1B81D21F00EA2689 /* CEMKit+NSAttributedString.swift in Sources */ = {isa = PBXBuildFile; fileRef = B236FEED1B81D21F00EA2689 /* CEMKit+NSAttributedString.swift */; };
		B236FF1B1B81D21F00EA2689 /* CEMKit+NSData.swift in Sources */ = {isa = PBXBuildFile; fileRef = B236FEEE1B81D21F00EA2689 /* CEMKit+NSData.swift */; };
		B236FF1C1B81D21F00EA2689 /* CEMKit+NSDate.swift in Sources */ = {isa = PBXBuildFile; fileRef = B236FEEF1B81D21F00EA2689 /* CEMKit+NSDate.swift */; };
		B236FF1D1B81D21F00EA2689 /* CEMKit+NSString.swift in Sources */ = {isa = PBXBuildFile; fileRef = B236FEF01B81D21F00EA2689 /* CEMKit+NSString.swift */; };
		B236FF1E1B81D21F00EA2689 /* CEMKit+NSURLConnection.swift in Sources */ = {isa = PBXBuildFile; fileRef = B236FEF11B81D21F00EA2689 /* CEMKit+NSURLConnection.swift */; };
		B236FF1F1B81D21F00EA2689 /* CEMKit+String.swift in Sources */ = {isa = PBXBuildFile; fileRef = B236FEF21B81D21F00EA2689 /* CEMKit+String.swift */; };
		B236FF201B81D21F00EA2689 /* CEMKit+CALayer.swift in Sources */ = {isa = PBXBuildFile; fileRef = B236FEF41B81D21F00EA2689 /* CEMKit+CALayer.swift */; };
		B236FF211B81D21F00EA2689 /* CEMKit+UIAlertController.swift in Sources */ = {isa = PBXBuildFile; fileRef = B236FEF51B81D21F00EA2689 /* CEMKit+UIAlertController.swift */; };
		B236FF221B81D21F00EA2689 /* CEMKit+UIBarButtonItem.swift in Sources */ = {isa = PBXBuildFile; fileRef = B236FEF61B81D21F00EA2689 /* CEMKit+UIBarButtonItem.swift */; };
		B236FF231B81D21F00EA2689 /* CEMKit+UIColor.swift in Sources */ = {isa = PBXBuildFile; fileRef = B236FEF71B81D21F00EA2689 /* CEMKit+UIColor.swift */; };
		B236FF241B81D21F00EA2689 /* CEMKit+UIFont.swift in Sources */ = {isa = PBXBuildFile; fileRef = B236FEF81B81D21F00EA2689 /* CEMKit+UIFont.swift */; };
		B236FF251B81D21F00EA2689 /* CEMKit+UIGestureRecognizer.swift in Sources */ = {isa = PBXBuildFile; fileRef = B236FEF91B81D21F00EA2689 /* CEMKit+UIGestureRecognizer.swift */; };
		B236FF261B81D21F00EA2689 /* CEMKit+UIImage.swift in Sources */ = {isa = PBXBuildFile; fileRef = B236FEFA1B81D21F00EA2689 /* CEMKit+UIImage.swift */; };
		B236FF271B81D21F00EA2689 /* CEMKit+UIImageView.swift in Sources */ = {isa = PBXBuildFile; fileRef = B236FEFB1B81D21F00EA2689 /* CEMKit+UIImageView.swift */; };
		B236FF281B81D21F00EA2689 /* CEMKit+UILabel.swift in Sources */ = {isa = PBXBuildFile; fileRef = B236FEFC1B81D21F00EA2689 /* CEMKit+UILabel.swift */; };
		B236FF291B81D21F00EA2689 /* CEMKit+UINavigationController.swift in Sources */ = {isa = PBXBuildFile; fileRef = B236FEFD1B81D21F00EA2689 /* CEMKit+UINavigationController.swift */; };
		B236FF2A1B81D21F00EA2689 /* CEMKit+UIScreen.swift in Sources */ = {isa = PBXBuildFile; fileRef = B236FEFE1B81D21F00EA2689 /* CEMKit+UIScreen.swift */; };
		B236FF2B1B81D21F00EA2689 /* CEMKit+UIScrollView.swift in Sources */ = {isa = PBXBuildFile; fileRef = B236FEFF1B81D21F00EA2689 /* CEMKit+UIScrollView.swift */; };
		B236FF2C1B81D21F00EA2689 /* CEMKit+UIView.swift in Sources */ = {isa = PBXBuildFile; fileRef = B236FF001B81D21F00EA2689 /* CEMKit+UIView.swift */; };
		B236FF2D1B81D21F00EA2689 /* CEMKit+UIViewController.swift in Sources */ = {isa = PBXBuildFile; fileRef = B236FF011B81D21F00EA2689 /* CEMKit+UIViewController.swift */; };
		B236FF2E1B81D21F00EA2689 /* ViewController.swift in Sources */ = {isa = PBXBuildFile; fileRef = B236FF031B81D21F00EA2689 /* ViewController.swift */; };
		B236FF2F1B81D21F00EA2689 /* AppDelegate.swift in Sources */ = {isa = PBXBuildFile; fileRef = B236FF051B81D21F00EA2689 /* AppDelegate.swift */; };
		B236FF301B81D21F00EA2689 /* LaunchScreen.xib in Resources */ = {isa = PBXBuildFile; fileRef = B236FF061B81D21F00EA2689 /* LaunchScreen.xib */; };
		B236FF311B81D21F00EA2689 /* Main.storyboard in Resources */ = {isa = PBXBuildFile; fileRef = B236FF081B81D21F00EA2689 /* Main.storyboard */; };
		B236FF321B81D21F00EA2689 /* Images.xcassets in Resources */ = {isa = PBXBuildFile; fileRef = B236FF0A1B81D21F00EA2689 /* Images.xcassets */; };
		B236FF331B81D21F00EA2689 /* Info.plist in Resources */ = {isa = PBXBuildFile; fileRef = B236FF0B1B81D21F00EA2689 /* Info.plist */; };
		B250380A1A0A7BDC00CDAB1C /* CEMKit_SwiftTests.swift in Sources */ = {isa = PBXBuildFile; fileRef = B25038091A0A7BDC00CDAB1C /* CEMKit_SwiftTests.swift */; };
/* End PBXBuildFile section */

/* Begin PBXContainerItemProxy section */
		B25038041A0A7BDC00CDAB1C /* PBXContainerItemProxy */ = {
			isa = PBXContainerItemProxy;
			containerPortal = B25037E61A0A7BDC00CDAB1C /* Project object */;
			proxyType = 1;
			remoteGlobalIDString = B25037ED1A0A7BDC00CDAB1C;
			remoteInfo = "CEMKit-Swift";
		};
/* End PBXContainerItemProxy section */

/* Begin PBXFileReference section */
		B236FEDE1B81D21E00EA2689 /* BlockButton.swift */ = {isa = PBXFileReference; fileEncoding = 4; lastKnownFileType = sourcecode.swift; path = BlockButton.swift; sourceTree = "<group>"; };
		B236FEDF1B81D21E00EA2689 /* BlockLongPress.swift */ = {isa = PBXFileReference; fileEncoding = 4; lastKnownFileType = sourcecode.swift; path = BlockLongPress.swift; sourceTree = "<group>"; };
		B236FEE01B81D21F00EA2689 /* BlockPan.swift */ = {isa = PBXFileReference; fileEncoding = 4; lastKnownFileType = sourcecode.swift; path = BlockPan.swift; sourceTree = "<group>"; };
		B236FEE11B81D21F00EA2689 /* BlockPinch.swift */ = {isa = PBXFileReference; fileEncoding = 4; lastKnownFileType = sourcecode.swift; path = BlockPinch.swift; sourceTree = "<group>"; };
		B236FEE21B81D21F00EA2689 /* BlockSwipe.swift */ = {isa = PBXFileReference; fileEncoding = 4; lastKnownFileType = sourcecode.swift; path = BlockSwipe.swift; sourceTree = "<group>"; };
		B236FEE31B81D21F00EA2689 /* BlockTap.swift */ = {isa = PBXFileReference; fileEncoding = 4; lastKnownFileType = sourcecode.swift; path = BlockTap.swift; sourceTree = "<group>"; };
		B236FEE41B81D21F00EA2689 /* BlockWebView.swift */ = {isa = PBXFileReference; fileEncoding = 4; lastKnownFileType = sourcecode.swift; path = BlockWebView.swift; sourceTree = "<group>"; };
		B236FEE61B81D21F00EA2689 /* CEMKit+Array.swift */ = {isa = PBXFileReference; fileEncoding = 4; lastKnownFileType = sourcecode.swift; path = "CEMKit+Array.swift"; sourceTree = "<group>"; };
		B236FEE71B81D21F00EA2689 /* CEMKit+CGFloat.swift */ = {isa = PBXFileReference; fileEncoding = 4; lastKnownFileType = sourcecode.swift; path = "CEMKit+CGFloat.swift"; sourceTree = "<group>"; };
		B236FEE81B81D21F00EA2689 /* CEMKit+CGPoint.swift */ = {isa = PBXFileReference; fileEncoding = 4; lastKnownFileType = sourcecode.swift; path = "CEMKit+CGPoint.swift"; sourceTree = "<group>"; };
		B236FEE91B81D21F00EA2689 /* CEMKit+CGRect.swift */ = {isa = PBXFileReference; fileEncoding = 4; lastKnownFileType = sourcecode.swift; path = "CEMKit+CGRect.swift"; sourceTree = "<group>"; };
		B236FEEA1B81D21F00EA2689 /* CEMKit+CGSize.swift */ = {isa = PBXFileReference; fileEncoding = 4; lastKnownFileType = sourcecode.swift; path = "CEMKit+CGSize.swift"; sourceTree = "<group>"; };
		B236FEEB1B81D21F00EA2689 /* CEMKit+Dictionary.swift */ = {isa = PBXFileReference; fileEncoding = 4; lastKnownFileType = sourcecode.swift; path = "CEMKit+Dictionary.swift"; sourceTree = "<group>"; };
		B236FEEC1B81D21F00EA2689 /* CEMKit+GDC.swift */ = {isa = PBXFileReference; fileEncoding = 4; lastKnownFileType = sourcecode.swift; path = "CEMKit+GDC.swift"; sourceTree = "<group>"; };
		B236FEED1B81D21F00EA2689 /* CEMKit+NSAttributedString.swift */ = {isa = PBXFileReference; fileEncoding = 4; lastKnownFileType = sourcecode.swift; path = "CEMKit+NSAttributedString.swift"; sourceTree = "<group>"; };
		B236FEEE1B81D21F00EA2689 /* CEMKit+NSData.swift */ = {isa = PBXFileReference; fileEncoding = 4; lastKnownFileType = sourcecode.swift; path = "CEMKit+NSData.swift"; sourceTree = "<group>"; };
		B236FEEF1B81D21F00EA2689 /* CEMKit+NSDate.swift */ = {isa = PBXFileReference; fileEncoding = 4; lastKnownFileType = sourcecode.swift; path = "CEMKit+NSDate.swift"; sourceTree = "<group>"; };
		B236FEF01B81D21F00EA2689 /* CEMKit+NSString.swift */ = {isa = PBXFileReference; fileEncoding = 4; lastKnownFileType = sourcecode.swift; path = "CEMKit+NSString.swift"; sourceTree = "<group>"; };
		B236FEF11B81D21F00EA2689 /* CEMKit+NSURLConnection.swift */ = {isa = PBXFileReference; fileEncoding = 4; lastKnownFileType = sourcecode.swift; path = "CEMKit+NSURLConnection.swift"; sourceTree = "<group>"; };
		B236FEF21B81D21F00EA2689 /* CEMKit+String.swift */ = {isa = PBXFileReference; fileEncoding = 4; lastKnownFileType = sourcecode.swift; path = "CEMKit+String.swift"; sourceTree = "<group>"; };
		B236FEF41B81D21F00EA2689 /* CEMKit+CALayer.swift */ = {isa = PBXFileReference; fileEncoding = 4; lastKnownFileType = sourcecode.swift; path = "CEMKit+CALayer.swift"; sourceTree = "<group>"; };
		B236FEF51B81D21F00EA2689 /* CEMKit+UIAlertController.swift */ = {isa = PBXFileReference; fileEncoding = 4; lastKnownFileType = sourcecode.swift; path = "CEMKit+UIAlertController.swift"; sourceTree = "<group>"; };
		B236FEF61B81D21F00EA2689 /* CEMKit+UIBarButtonItem.swift */ = {isa = PBXFileReference; fileEncoding = 4; lastKnownFileType = sourcecode.swift; path = "CEMKit+UIBarButtonItem.swift"; sourceTree = "<group>"; };
		B236FEF71B81D21F00EA2689 /* CEMKit+UIColor.swift */ = {isa = PBXFileReference; fileEncoding = 4; lastKnownFileType = sourcecode.swift; path = "CEMKit+UIColor.swift"; sourceTree = "<group>"; };
		B236FEF81B81D21F00EA2689 /* CEMKit+UIFont.swift */ = {isa = PBXFileReference; fileEncoding = 4; lastKnownFileType = sourcecode.swift; path = "CEMKit+UIFont.swift"; sourceTree = "<group>"; };
		B236FEF91B81D21F00EA2689 /* CEMKit+UIGestureRecognizer.swift */ = {isa = PBXFileReference; fileEncoding = 4; lastKnownFileType = sourcecode.swift; path = "CEMKit+UIGestureRecognizer.swift"; sourceTree = "<group>"; };
		B236FEFA1B81D21F00EA2689 /* CEMKit+UIImage.swift */ = {isa = PBXFileReference; fileEncoding = 4; lastKnownFileType = sourcecode.swift; path = "CEMKit+UIImage.swift"; sourceTree = "<group>"; };
		B236FEFB1B81D21F00EA2689 /* CEMKit+UIImageView.swift */ = {isa = PBXFileReference; fileEncoding = 4; lastKnownFileType = sourcecode.swift; path = "CEMKit+UIImageView.swift"; sourceTree = "<group>"; };
		B236FEFC1B81D21F00EA2689 /* CEMKit+UILabel.swift */ = {isa = PBXFileReference; fileEncoding = 4; lastKnownFileType = sourcecode.swift; path = "CEMKit+UILabel.swift"; sourceTree = "<group>"; };
		B236FEFD1B81D21F00EA2689 /* CEMKit+UINavigationController.swift */ = {isa = PBXFileReference; fileEncoding = 4; lastKnownFileType = sourcecode.swift; path = "CEMKit+UINavigationController.swift"; sourceTree = "<group>"; };
		B236FEFE1B81D21F00EA2689 /* CEMKit+UIScreen.swift */ = {isa = PBXFileReference; fileEncoding = 4; lastKnownFileType = sourcecode.swift; path = "CEMKit+UIScreen.swift"; sourceTree = "<group>"; };
		B236FEFF1B81D21F00EA2689 /* CEMKit+UIScrollView.swift */ = {isa = PBXFileReference; fileEncoding = 4; lastKnownFileType = sourcecode.swift; path = "CEMKit+UIScrollView.swift"; sourceTree = "<group>"; };
		B236FF001B81D21F00EA2689 /* CEMKit+UIView.swift */ = {isa = PBXFileReference; fileEncoding = 4; lastKnownFileType = sourcecode.swift; path = "CEMKit+UIView.swift"; sourceTree = "<group>"; };
		B236FF011B81D21F00EA2689 /* CEMKit+UIViewController.swift */ = {isa = PBXFileReference; fileEncoding = 4; lastKnownFileType = sourcecode.swift; path = "CEMKit+UIViewController.swift"; sourceTree = "<group>"; };
		B236FF031B81D21F00EA2689 /* ViewController.swift */ = {isa = PBXFileReference; fileEncoding = 4; lastKnownFileType = sourcecode.swift; path = ViewController.swift; sourceTree = "<group>"; };
		B236FF051B81D21F00EA2689 /* AppDelegate.swift */ = {isa = PBXFileReference; fileEncoding = 4; lastKnownFileType = sourcecode.swift; path = AppDelegate.swift; sourceTree = "<group>"; };
		B236FF071B81D21F00EA2689 /* Base */ = {isa = PBXFileReference; lastKnownFileType = file.xib; name = Base; path = Base.lproj/LaunchScreen.xib; sourceTree = "<group>"; };
		B236FF091B81D21F00EA2689 /* Base */ = {isa = PBXFileReference; lastKnownFileType = file.storyboard; name = Base; path = Base.lproj/Main.storyboard; sourceTree = "<group>"; };
		B236FF0A1B81D21F00EA2689 /* Images.xcassets */ = {isa = PBXFileReference; lastKnownFileType = folder.assetcatalog; path = Images.xcassets; sourceTree = "<group>"; };
		B236FF0B1B81D21F00EA2689 /* Info.plist */ = {isa = PBXFileReference; fileEncoding = 4; lastKnownFileType = text.plist.xml; path = Info.plist; sourceTree = "<group>"; };
		B25037EE1A0A7BDC00CDAB1C /* CEMKit-Swift.app */ = {isa = PBXFileReference; explicitFileType = wrapper.application; includeInIndex = 0; path = "CEMKit-Swift.app"; sourceTree = BUILT_PRODUCTS_DIR; };
		B25038031A0A7BDC00CDAB1C /* CEMKit-SwiftTests.xctest */ = {isa = PBXFileReference; explicitFileType = wrapper.cfbundle; includeInIndex = 0; path = "CEMKit-SwiftTests.xctest"; sourceTree = BUILT_PRODUCTS_DIR; };
		B25038081A0A7BDC00CDAB1C /* Info.plist */ = {isa = PBXFileReference; lastKnownFileType = text.plist.xml; path = Info.plist; sourceTree = "<group>"; };
		B25038091A0A7BDC00CDAB1C /* CEMKit_SwiftTests.swift */ = {isa = PBXFileReference; lastKnownFileType = sourcecode.swift; path = CEMKit_SwiftTests.swift; sourceTree = "<group>"; };
/* End PBXFileReference section */

/* Begin PBXFrameworksBuildPhase section */
		B25037EB1A0A7BDC00CDAB1C /* Frameworks */ = {
			isa = PBXFrameworksBuildPhase;
			buildActionMask = 2147483647;
			files = (
			);
			runOnlyForDeploymentPostprocessing = 0;
		};
		B25038001A0A7BDC00CDAB1C /* Frameworks */ = {
			isa = PBXFrameworksBuildPhase;
			buildActionMask = 2147483647;
			files = (
			);
			runOnlyForDeploymentPostprocessing = 0;
		};
/* End PBXFrameworksBuildPhase section */

/* Begin PBXGroup section */
		B236FEDC1B81D21E00EA2689 /* CEMKit */ = {
			isa = PBXGroup;
			children = (
				B236FEDD1B81D21E00EA2689 /* BlockObjects */,
				B236FEE51B81D21F00EA2689 /* Foundation */,
				B236FEF31B81D21F00EA2689 /* UIKit */,
			);
			path = CEMKit;
			sourceTree = "<group>";
		};
		B236FEDD1B81D21E00EA2689 /* BlockObjects */ = {
			isa = PBXGroup;
			children = (
				B236FEDE1B81D21E00EA2689 /* BlockButton.swift */,
				B236FEDF1B81D21E00EA2689 /* BlockLongPress.swift */,
				B236FEE01B81D21F00EA2689 /* BlockPan.swift */,
				B236FEE11B81D21F00EA2689 /* BlockPinch.swift */,
				B236FEE21B81D21F00EA2689 /* BlockSwipe.swift */,
				B236FEE31B81D21F00EA2689 /* BlockTap.swift */,
				B236FEE41B81D21F00EA2689 /* BlockWebView.swift */,
			);
			path = BlockObjects;
			sourceTree = "<group>";
		};
		B236FEE51B81D21F00EA2689 /* Foundation */ = {
			isa = PBXGroup;
			children = (
				B236FEE61B81D21F00EA2689 /* CEMKit+Array.swift */,
				B236FEE71B81D21F00EA2689 /* CEMKit+CGFloat.swift */,
				B236FEE81B81D21F00EA2689 /* CEMKit+CGPoint.swift */,
				B236FEE91B81D21F00EA2689 /* CEMKit+CGRect.swift */,
				B236FEEA1B81D21F00EA2689 /* CEMKit+CGSize.swift */,
				B236FEEB1B81D21F00EA2689 /* CEMKit+Dictionary.swift */,
				B236FEEC1B81D21F00EA2689 /* CEMKit+GDC.swift */,
				B236FEED1B81D21F00EA2689 /* CEMKit+NSAttributedString.swift */,
				B236FEEE1B81D21F00EA2689 /* CEMKit+NSData.swift */,
				B236FEEF1B81D21F00EA2689 /* CEMKit+NSDate.swift */,
				B236FEF01B81D21F00EA2689 /* CEMKit+NSString.swift */,
				B236FEF11B81D21F00EA2689 /* CEMKit+NSURLConnection.swift */,
				B236FEF21B81D21F00EA2689 /* CEMKit+String.swift */,
			);
			path = Foundation;
			sourceTree = "<group>";
		};
		B236FEF31B81D21F00EA2689 /* UIKit */ = {
			isa = PBXGroup;
			children = (
				B236FEF41B81D21F00EA2689 /* CEMKit+CALayer.swift */,
				B236FEF51B81D21F00EA2689 /* CEMKit+UIAlertController.swift */,
				B236FEF61B81D21F00EA2689 /* CEMKit+UIBarButtonItem.swift */,
				B236FEF71B81D21F00EA2689 /* CEMKit+UIColor.swift */,
				B236FEF81B81D21F00EA2689 /* CEMKit+UIFont.swift */,
				B236FEF91B81D21F00EA2689 /* CEMKit+UIGestureRecognizer.swift */,
				B236FEFA1B81D21F00EA2689 /* CEMKit+UIImage.swift */,
				B236FEFB1B81D21F00EA2689 /* CEMKit+UIImageView.swift */,
				B236FEFC1B81D21F00EA2689 /* CEMKit+UILabel.swift */,
				B236FEFD1B81D21F00EA2689 /* CEMKit+UINavigationController.swift */,
				B236FEFE1B81D21F00EA2689 /* CEMKit+UIScreen.swift */,
				B236FEFF1B81D21F00EA2689 /* CEMKit+UIScrollView.swift */,
				B236FF001B81D21F00EA2689 /* CEMKit+UIView.swift */,
				B236FF011B81D21F00EA2689 /* CEMKit+UIViewController.swift */,
			);
			path = UIKit;
			sourceTree = "<group>";
		};
		B236FF021B81D21F00EA2689 /* Demo */ = {
			isa = PBXGroup;
			children = (
				B236FF031B81D21F00EA2689 /* ViewController.swift */,
			);
			path = Demo;
			sourceTree = "<group>";
		};
		B236FF041B81D21F00EA2689 /* SupportingFiles */ = {
			isa = PBXGroup;
			children = (
				B236FF051B81D21F00EA2689 /* AppDelegate.swift */,
				B236FF061B81D21F00EA2689 /* LaunchScreen.xib */,
				B236FF081B81D21F00EA2689 /* Main.storyboard */,
				B236FF0A1B81D21F00EA2689 /* Images.xcassets */,
				B236FF0B1B81D21F00EA2689 /* Info.plist */,
			);
			path = SupportingFiles;
			sourceTree = "<group>";
		};
		B25037E51A0A7BDC00CDAB1C = {
			isa = PBXGroup;
			children = (
				B25037F01A0A7BDC00CDAB1C /* CEMKit-Swift */,
				B25038061A0A7BDC00CDAB1C /* CEMKit-SwiftTests */,
				B25037EF1A0A7BDC00CDAB1C /* Products */,
			);
			sourceTree = "<group>";
		};
		B25037EF1A0A7BDC00CDAB1C /* Products */ = {
			isa = PBXGroup;
			children = (
				B25037EE1A0A7BDC00CDAB1C /* CEMKit-Swift.app */,
				B25038031A0A7BDC00CDAB1C /* CEMKit-SwiftTests.xctest */,
			);
			name = Products;
			sourceTree = "<group>";
		};
		B25037F01A0A7BDC00CDAB1C /* CEMKit-Swift */ = {
			isa = PBXGroup;
			children = (
				B236FEDC1B81D21E00EA2689 /* CEMKit */,
				B236FF021B81D21F00EA2689 /* Demo */,
				B236FF041B81D21F00EA2689 /* SupportingFiles */,
			);
			path = "CEMKit-Swift";
			sourceTree = "<group>";
		};
		B25038061A0A7BDC00CDAB1C /* CEMKit-SwiftTests */ = {
			isa = PBXGroup;
			children = (
				B25038091A0A7BDC00CDAB1C /* CEMKit_SwiftTests.swift */,
				B25038071A0A7BDC00CDAB1C /* Supporting Files */,
			);
			path = "CEMKit-SwiftTests";
			sourceTree = "<group>";
		};
		B25038071A0A7BDC00CDAB1C /* Supporting Files */ = {
			isa = PBXGroup;
			children = (
				B25038081A0A7BDC00CDAB1C /* Info.plist */,
			);
			name = "Supporting Files";
			sourceTree = "<group>";
		};
/* End PBXGroup section */

/* Begin PBXNativeTarget section */
		B25037ED1A0A7BDC00CDAB1C /* CEMKit-Swift */ = {
			isa = PBXNativeTarget;
			buildConfigurationList = B250380D1A0A7BDC00CDAB1C /* Build configuration list for PBXNativeTarget "CEMKit-Swift" */;
			buildPhases = (
				B25037EA1A0A7BDC00CDAB1C /* Sources */,
				B25037EB1A0A7BDC00CDAB1C /* Frameworks */,
				B25037EC1A0A7BDC00CDAB1C /* Resources */,
			);
			buildRules = (
			);
			dependencies = (
			);
			name = "CEMKit-Swift";
			productName = "CEMKit-Swift";
			productReference = B25037EE1A0A7BDC00CDAB1C /* CEMKit-Swift.app */;
			productType = "com.apple.product-type.application";
		};
		B25038021A0A7BDC00CDAB1C /* CEMKit-SwiftTests */ = {
			isa = PBXNativeTarget;
			buildConfigurationList = B25038101A0A7BDC00CDAB1C /* Build configuration list for PBXNativeTarget "CEMKit-SwiftTests" */;
			buildPhases = (
				B25037FF1A0A7BDC00CDAB1C /* Sources */,
				B25038001A0A7BDC00CDAB1C /* Frameworks */,
				B25038011A0A7BDC00CDAB1C /* Resources */,
			);
			buildRules = (
			);
			dependencies = (
				B25038051A0A7BDC00CDAB1C /* PBXTargetDependency */,
			);
			name = "CEMKit-SwiftTests";
			productName = "CEMKit-SwiftTests";
			productReference = B25038031A0A7BDC00CDAB1C /* CEMKit-SwiftTests.xctest */;
			productType = "com.apple.product-type.bundle.unit-test";
		};
/* End PBXNativeTarget section */

/* Begin PBXProject section */
		B25037E61A0A7BDC00CDAB1C /* Project object */ = {
			isa = PBXProject;
			attributes = {
				LastUpgradeCheck = 0610;
				ORGANIZATIONNAME = "Cem Olcay";
				TargetAttributes = {
					B25037ED1A0A7BDC00CDAB1C = {
						CreatedOnToolsVersion = 6.1;
					};
					B25038021A0A7BDC00CDAB1C = {
						CreatedOnToolsVersion = 6.1;
						TestTargetID = B25037ED1A0A7BDC00CDAB1C;
					};
				};
			};
			buildConfigurationList = B25037E91A0A7BDC00CDAB1C /* Build configuration list for PBXProject "CEMKit-Swift" */;
			compatibilityVersion = "Xcode 3.2";
			developmentRegion = English;
			hasScannedForEncodings = 0;
			knownRegions = (
				en,
				Base,
			);
			mainGroup = B25037E51A0A7BDC00CDAB1C;
			productRefGroup = B25037EF1A0A7BDC00CDAB1C /* Products */;
			projectDirPath = "";
			projectRoot = "";
			targets = (
				B25037ED1A0A7BDC00CDAB1C /* CEMKit-Swift */,
				B25038021A0A7BDC00CDAB1C /* CEMKit-SwiftTests */,
			);
		};
/* End PBXProject section */

/* Begin PBXResourcesBuildPhase section */
		B25037EC1A0A7BDC00CDAB1C /* Resources */ = {
			isa = PBXResourcesBuildPhase;
			buildActionMask = 2147483647;
			files = (
				B236FF331B81D21F00EA2689 /* Info.plist in Resources */,
				B236FF321B81D21F00EA2689 /* Images.xcassets in Resources */,
				B236FF301B81D21F00EA2689 /* LaunchScreen.xib in Resources */,
				B236FF311B81D21F00EA2689 /* Main.storyboard in Resources */,
			);
			runOnlyForDeploymentPostprocessing = 0;
		};
		B25038011A0A7BDC00CDAB1C /* Resources */ = {
			isa = PBXResourcesBuildPhase;
			buildActionMask = 2147483647;
			files = (
			);
			runOnlyForDeploymentPostprocessing = 0;
		};
/* End PBXResourcesBuildPhase section */

/* Begin PBXSourcesBuildPhase section */
		B25037EA1A0A7BDC00CDAB1C /* Sources */ = {
			isa = PBXSourcesBuildPhase;
			buildActionMask = 2147483647;
			files = (
				B236FF0F1B81D21F00EA2689 /* BlockPinch.swift in Sources */,
				B236FF281B81D21F00EA2689 /* CEMKit+UILabel.swift in Sources */,
				B236FF1C1B81D21F00EA2689 /* CEMKit+NSDate.swift in Sources */,
				B236FF1B1B81D21F00EA2689 /* CEMKit+NSData.swift in Sources */,
				B236FF2B1B81D21F00EA2689 /* CEMKit+UIScrollView.swift in Sources */,
				B236FF2A1B81D21F00EA2689 /* CEMKit+UIScreen.swift in Sources */,
				B236FF101B81D21F00EA2689 /* BlockSwipe.swift in Sources */,
				B236FF251B81D21F00EA2689 /* CEMKit+UIGestureRecognizer.swift in Sources */,
				B236FF161B81D21F00EA2689 /* CEMKit+CGRect.swift in Sources */,
				B236FF1F1B81D21F00EA2689 /* CEMKit+String.swift in Sources */,
				B236FF291B81D21F00EA2689 /* CEMKit+UINavigationController.swift in Sources */,
				B236FF191B81D21F00EA2689 /* CEMKit+GDC.swift in Sources */,
				B236FF2F1B81D21F00EA2689 /* AppDelegate.swift in Sources */,
				B236FF171B81D21F00EA2689 /* CEMKit+CGSize.swift in Sources */,
				B236FF201B81D21F00EA2689 /* CEMKit+CALayer.swift in Sources */,
				B236FF211B81D21F00EA2689 /* CEMKit+UIAlertController.swift in Sources */,
				B236FF181B81D21F00EA2689 /* CEMKit+Dictionary.swift in Sources */,
				B236FF0C1B81D21F00EA2689 /* BlockButton.swift in Sources */,
				B236FF151B81D21F00EA2689 /* CEMKit+CGPoint.swift in Sources */,
				B236FF1D1B81D21F00EA2689 /* CEMKit+NSString.swift in Sources */,
				B236FF271B81D21F00EA2689 /* CEMKit+UIImageView.swift in Sources */,
				B236FF0E1B81D21F00EA2689 /* BlockPan.swift in Sources */,
				B236FF2D1B81D21F00EA2689 /* CEMKit+UIViewController.swift in Sources */,
				B236FF131B81D21F00EA2689 /* CEMKit+Array.swift in Sources */,
				B236FF0D1B81D21F00EA2689 /* BlockLongPress.swift in Sources */,
				B236FF141B81D21F00EA2689 /* CEMKit+CGFloat.swift in Sources */,
				B236FF2E1B81D21F00EA2689 /* ViewController.swift in Sources */,
				B236FF111B81D21F00EA2689 /* BlockTap.swift in Sources */,
				B236FF121B81D21F00EA2689 /* BlockWebView.swift in Sources */,
				B236FF241B81D21F00EA2689 /* CEMKit+UIFont.swift in Sources */,
				B236FF2C1B81D21F00EA2689 /* CEMKit+UIView.swift in Sources */,
				B236FF231B81D21F00EA2689 /* CEMKit+UIColor.swift in Sources */,
				B236FF261B81D21F00EA2689 /* CEMKit+UIImage.swift in Sources */,
				B236FF1A1B81D21F00EA2689 /* CEMKit+NSAttributedString.swift in Sources */,
				B236FF1E1B81D21F00EA2689 /* CEMKit+NSURLConnection.swift in Sources */,
				B236FF221B81D21F00EA2689 /* CEMKit+UIBarButtonItem.swift in Sources */,
			);
			runOnlyForDeploymentPostprocessing = 0;
		};
		B25037FF1A0A7BDC00CDAB1C /* Sources */ = {
			isa = PBXSourcesBuildPhase;
			buildActionMask = 2147483647;
			files = (
				B250380A1A0A7BDC00CDAB1C /* CEMKit_SwiftTests.swift in Sources */,
			);
			runOnlyForDeploymentPostprocessing = 0;
		};
/* End PBXSourcesBuildPhase section */

/* Begin PBXTargetDependency section */
		B25038051A0A7BDC00CDAB1C /* PBXTargetDependency */ = {
			isa = PBXTargetDependency;
			target = B25037ED1A0A7BDC00CDAB1C /* CEMKit-Swift */;
			targetProxy = B25038041A0A7BDC00CDAB1C /* PBXContainerItemProxy */;
		};
/* End PBXTargetDependency section */

/* Begin PBXVariantGroup section */
		B236FF061B81D21F00EA2689 /* LaunchScreen.xib */ = {
			isa = PBXVariantGroup;
			children = (
				B236FF071B81D21F00EA2689 /* Base */,
			);
			name = LaunchScreen.xib;
			sourceTree = "<group>";
		};
		B236FF081B81D21F00EA2689 /* Main.storyboard */ = {
			isa = PBXVariantGroup;
			children = (
				B236FF091B81D21F00EA2689 /* Base */,
			);
			name = Main.storyboard;
			sourceTree = "<group>";
		};
/* End PBXVariantGroup section */

/* Begin XCBuildConfiguration section */
		B250380B1A0A7BDC00CDAB1C /* Debug */ = {
			isa = XCBuildConfiguration;
			buildSettings = {
				ALWAYS_SEARCH_USER_PATHS = NO;
				CLANG_CXX_LANGUAGE_STANDARD = "gnu++0x";
				CLANG_CXX_LIBRARY = "libc++";
				CLANG_ENABLE_MODULES = YES;
				CLANG_ENABLE_OBJC_ARC = YES;
				CLANG_WARN_BOOL_CONVERSION = YES;
				CLANG_WARN_CONSTANT_CONVERSION = YES;
				CLANG_WARN_DIRECT_OBJC_ISA_USAGE = YES_ERROR;
				CLANG_WARN_EMPTY_BODY = YES;
				CLANG_WARN_ENUM_CONVERSION = YES;
				CLANG_WARN_INT_CONVERSION = YES;
				CLANG_WARN_OBJC_ROOT_CLASS = YES_ERROR;
				CLANG_WARN_UNREACHABLE_CODE = YES;
				CLANG_WARN__DUPLICATE_METHOD_MATCH = YES;
				"CODE_SIGN_IDENTITY[sdk=iphoneos*]" = "iPhone Developer";
				COPY_PHASE_STRIP = NO;
				ENABLE_STRICT_OBJC_MSGSEND = YES;
				GCC_C_LANGUAGE_STANDARD = gnu99;
				GCC_DYNAMIC_NO_PIC = NO;
				GCC_OPTIMIZATION_LEVEL = 0;
				GCC_PREPROCESSOR_DEFINITIONS = (
					"DEBUG=1",
					"$(inherited)",
				);
				GCC_SYMBOLS_PRIVATE_EXTERN = NO;
				GCC_WARN_64_TO_32_BIT_CONVERSION = YES;
				GCC_WARN_ABOUT_RETURN_TYPE = YES_ERROR;
				GCC_WARN_UNDECLARED_SELECTOR = YES;
				GCC_WARN_UNINITIALIZED_AUTOS = YES_AGGRESSIVE;
				GCC_WARN_UNUSED_FUNCTION = YES;
				GCC_WARN_UNUSED_VARIABLE = YES;
				IPHONEOS_DEPLOYMENT_TARGET = 8.1;
				MTL_ENABLE_DEBUG_INFO = YES;
				ONLY_ACTIVE_ARCH = YES;
				SDKROOT = iphoneos;
				SWIFT_OPTIMIZATION_LEVEL = "-Onone";
			};
			name = Debug;
		};
		B250380C1A0A7BDC00CDAB1C /* Release */ = {
			isa = XCBuildConfiguration;
			buildSettings = {
				ALWAYS_SEARCH_USER_PATHS = NO;
				CLANG_CXX_LANGUAGE_STANDARD = "gnu++0x";
				CLANG_CXX_LIBRARY = "libc++";
				CLANG_ENABLE_MODULES = YES;
				CLANG_ENABLE_OBJC_ARC = YES;
				CLANG_WARN_BOOL_CONVERSION = YES;
				CLANG_WARN_CONSTANT_CONVERSION = YES;
				CLANG_WARN_DIRECT_OBJC_ISA_USAGE = YES_ERROR;
				CLANG_WARN_EMPTY_BODY = YES;
				CLANG_WARN_ENUM_CONVERSION = YES;
				CLANG_WARN_INT_CONVERSION = YES;
				CLANG_WARN_OBJC_ROOT_CLASS = YES_ERROR;
				CLANG_WARN_UNREACHABLE_CODE = YES;
				CLANG_WARN__DUPLICATE_METHOD_MATCH = YES;
				"CODE_SIGN_IDENTITY[sdk=iphoneos*]" = "iPhone Developer";
				COPY_PHASE_STRIP = YES;
				ENABLE_NS_ASSERTIONS = NO;
				ENABLE_STRICT_OBJC_MSGSEND = YES;
				GCC_C_LANGUAGE_STANDARD = gnu99;
				GCC_WARN_64_TO_32_BIT_CONVERSION = YES;
				GCC_WARN_ABOUT_RETURN_TYPE = YES_ERROR;
				GCC_WARN_UNDECLARED_SELECTOR = YES;
				GCC_WARN_UNINITIALIZED_AUTOS = YES_AGGRESSIVE;
				GCC_WARN_UNUSED_FUNCTION = YES;
				GCC_WARN_UNUSED_VARIABLE = YES;
				IPHONEOS_DEPLOYMENT_TARGET = 8.1;
				MTL_ENABLE_DEBUG_INFO = NO;
				SDKROOT = iphoneos;
				VALIDATE_PRODUCT = YES;
			};
			name = Release;
		};
		B250380E1A0A7BDC00CDAB1C /* Debug */ = {
			isa = XCBuildConfiguration;
			buildSettings = {
				ASSETCATALOG_COMPILER_APPICON_NAME = AppIcon;
				INFOPLIST_FILE = "$(SRCROOT)/CEMKit-Swift/SupportingFiles/Info.plist";
				LD_RUNPATH_SEARCH_PATHS = "$(inherited) @executable_path/Frameworks";
				PRODUCT_NAME = "$(TARGET_NAME)";
			};
			name = Debug;
		};
		B250380F1A0A7BDC00CDAB1C /* Release */ = {
			isa = XCBuildConfiguration;
			buildSettings = {
				ASSETCATALOG_COMPILER_APPICON_NAME = AppIcon;
				INFOPLIST_FILE = "$(SRCROOT)/CEMKit-Swift/SupportingFiles/Info.plist";
				LD_RUNPATH_SEARCH_PATHS = "$(inherited) @executable_path/Frameworks";
				PRODUCT_NAME = "$(TARGET_NAME)";
			};
			name = Release;
		};
		B25038111A0A7BDC00CDAB1C /* Debug */ = {
			isa = XCBuildConfiguration;
			buildSettings = {
				BUNDLE_LOADER = "$(TEST_HOST)";
				FRAMEWORK_SEARCH_PATHS = (
					"$(SDKROOT)/Developer/Library/Frameworks",
					"$(inherited)",
				);
				GCC_PREPROCESSOR_DEFINITIONS = (
					"DEBUG=1",
					"$(inherited)",
				);
				INFOPLIST_FILE = "CEMKit-SwiftTests/Info.plist";
				LD_RUNPATH_SEARCH_PATHS = "$(inherited) @executable_path/Frameworks @loader_path/Frameworks";
				PRODUCT_NAME = "$(TARGET_NAME)";
				TEST_HOST = "$(BUILT_PRODUCTS_DIR)/CEMKit-Swift.app/CEMKit-Swift";
			};
			name = Debug;
		};
		B25038121A0A7BDC00CDAB1C /* Release */ = {
			isa = XCBuildConfiguration;
			buildSettings = {
				BUNDLE_LOADER = "$(TEST_HOST)";
				FRAMEWORK_SEARCH_PATHS = (
					"$(SDKROOT)/Developer/Library/Frameworks",
					"$(inherited)",
				);
				INFOPLIST_FILE = "CEMKit-SwiftTests/Info.plist";
				LD_RUNPATH_SEARCH_PATHS = "$(inherited) @executable_path/Frameworks @loader_path/Frameworks";
				PRODUCT_NAME = "$(TARGET_NAME)";
				TEST_HOST = "$(BUILT_PRODUCTS_DIR)/CEMKit-Swift.app/CEMKit-Swift";
			};
			name = Release;
		};
/* End XCBuildConfiguration section */

/* Begin XCConfigurationList section */
		B25037E91A0A7BDC00CDAB1C /* Build configuration list for PBXProject "CEMKit-Swift" */ = {
			isa = XCConfigurationList;
			buildConfigurations = (
				B250380B1A0A7BDC00CDAB1C /* Debug */,
				B250380C1A0A7BDC00CDAB1C /* Release */,
			);
			defaultConfigurationIsVisible = 0;
			defaultConfigurationName = Release;
		};
		B250380D1A0A7BDC00CDAB1C /* Build configuration list for PBXNativeTarget "CEMKit-Swift" */ = {
			isa = XCConfigurationList;
			buildConfigurations = (
				B250380E1A0A7BDC00CDAB1C /* Debug */,
				B250380F1A0A7BDC00CDAB1C /* Release */,
			);
			defaultConfigurationIsVisible = 0;
			defaultConfigurationName = Release;
		};
		B25038101A0A7BDC00CDAB1C /* Build configuration list for PBXNativeTarget "CEMKit-SwiftTests" */ = {
			isa = XCConfigurationList;
			buildConfigurations = (
				B25038111A0A7BDC00CDAB1C /* Debug */,
				B25038121A0A7BDC00CDAB1C /* Release */,
			);
			defaultConfigurationIsVisible = 0;
			defaultConfigurationName = Release;
		};
/* End XCConfigurationList section */
	};
	rootObject = B25037E61A0A7BDC00CDAB1C /* Project object */;
}
